
Microsoft Visual Studio Solution File, Format Version 12.00
# Visual Studio Version 16
VisualStudioVersion = 16.0.29709.97
MinimumVisualStudioVersion = 10.0.40219.1
Project("{9A19103F-16F7-4668-BE54-9A1E7A4F7556}") = "whiteBoard7", "whiteBoard7.csproj", "{BBC0E3BA-3D7B-4314-8A42-9504800588E0}"
EndProject
Project("{9A19103F-16F7-4668-BE54-9A1E7A4F7556}") = "SumOfOdds", "..\22JAN2020_Class_Examples\SumOfOdds.csproj", "{7FBA4366-2362-4D3A-94B7-7E494B8396D6}"
EndProject
Project("{9A19103F-16F7-4668-BE54-9A1E7A4F7556}") = "WB Exercise - Reverse String", "..\WB Exercise - Reverse String\WB Exercise - Reverse String.csproj", "{E2D9C794-0972-4026-8AD3-50668CEECF07}"
EndProject
Project("{9A19103F-16F7-4668-BE54-9A1E7A4F7556}") = "AlphabeticalCharacterStringWhiteboard", "AlphabeticalCharacterStringWhiteboard\AlphabeticalCharacterStringWhiteboard.csproj", "{65308465-EDBB-4F97-A378-834D1A28E8B7}"
EndProject
Project("{9A19103F-16F7-4668-BE54-9A1E7A4F7556}") = "ReverseStringWBPractice", "ReverseStringWBPractice\ReverseStringWBPractice.csproj", "{286759E5-A606-46C1-9522-21B8F3449601}"
EndProject
Project("{9A19103F-16F7-4668-BE54-9A1E7A4F7556}") = "DistinctElementsInArray", "DistinctElementsInArray\DistinctElementsInArray.csproj", "{A8B2D9F7-D259-46C3-BB14-C2DE1959FBB0}"
EndProject
Project("{9A19103F-16F7-4668-BE54-9A1E7A4F7556}") = "SwapVariables", "SwapVariables\SwapVariables.csproj", "{84644FFE-E255-440B-AB03-40C46C705750}"
EndProject
Project("{9A19103F-16F7-4668-BE54-9A1E7A4F7556}") = "CubeANumber", "CubeANumber\CubeANumber.csproj", "{0D3E8C54-8925-4357-B725-CE1E9B8F1589}"
EndProject
Project("{9A19103F-16F7-4668-BE54-9A1E7A4F7556}") = "CountVowels", "CountVowels\CountVowels.csproj", "{CF4F7195-B715-40CA-AD49-6EB70BD4E17C}"
EndProject
Project("{9A19103F-16F7-4668-BE54-9A1E7A4F7556}") = "SortingAnArray", "SortingAnArray\SortingAnArray.csproj", "{8E9C9620-91D6-4CFF-B825-B0E32EA8BDF3}"
EndProject
Project("{9A19103F-16F7-4668-BE54-9A1E7A4F7556}") = "BubbleSort", "BubbleSort\BubbleSort.csproj", "{3C04B9F7-340D-4B69-ADBF-48C84AC91E40}"
EndProject
Project("{9A19103F-16F7-4668-BE54-9A1E7A4F7556}") = "Quiz19FEB2020", "Quiz19FEB2020\Quiz19FEB2020.csproj", "{D7FF0F79-2C85-4480-9F5A-D79BD9613CD6}"
EndProject
Project("{9A19103F-16F7-4668-BE54-9A1E7A4F7556}") = "InsertionSort", "InsertionSort\InsertionSort.csproj", "{46113824-888B-4A44-BB58-4A2616D6B6F7}"
EndProject
Project("{9A19103F-16F7-4668-BE54-9A1E7A4F7556}") = "SelectionSort", "SelectionSort\SelectionSort.csproj", "{3FD41E10-4BD7-4F0D-BC16-F51480E3FFCF}"
EndProject
Project("{9A19103F-16F7-4668-BE54-9A1E7A4F7556}") = "Parameter_Arrays", "Parameter_Arrays\Parameter_Arrays.csproj", "{F99B3774-CC67-4298-9F3C-0CA99AEB9444}"
EndProject
Project("{9A19103F-16F7-4668-BE54-9A1E7A4F7556}") = "CountingCoins", "CountingCoins\CountingCoins.csproj", "{ABE24214-E767-43AB-A8D4-DB31213D73CD}"
EndProject
Project("{9A19103F-16F7-4668-BE54-9A1E7A4F7556}") = "CopyArray", "CopyArray\CopyArray.csproj", "{23AA536F-802B-49FA-97EB-2E867454D45B}"
EndProject
Project("{9A19103F-16F7-4668-BE54-9A1E7A4F7556}") = "PrimeNumberSum", "PrimeNumberSum\PrimeNumberSum.csproj", "{B77F3ABE-AA7B-45A1-A04F-B263C2D90FD2}"
EndProject
Project("{9A19103F-16F7-4668-BE54-9A1E7A4F7556}") = "StringMirrorImage", "StringMirrorImage\StringMirrorImage.csproj", "{AFCE4A65-4F1E-4794-8256-04E9A87B285A}"
EndProject
Project("{9A19103F-16F7-4668-BE54-9A1E7A4F7556}") = "ClockAngle", "ClockAngle\ClockAngle.csproj", "{EC35B32B-4B28-4E6C-B4E2-4D8FC947E7B4}"
EndProject
Project("{9A19103F-16F7-4668-BE54-9A1E7A4F7556}") = "ClockAngleTest", "CLockAngleTest\ClockAngleTest.csproj", "{58858025-C19B-4C61-9373-22774409BA9A}"
EndProject
Project("{9A19103F-16F7-4668-BE54-9A1E7A4F7556}") = "InterfaceExample", "InterfaceExample\InterfaceExample.csproj", "{D789CC89-449F-49BF-9918-7A6E05DCB99A}"
EndProject
Project("{9A19103F-16F7-4668-BE54-9A1E7A4F7556}") = "CharacterPosition", "CharacterPosition\CharacterPosition.csproj", "{FE6A2AC5-0D31-46A8-A1B8-AF77B6E8A3F8}"
EndProject
Project("{9A19103F-16F7-4668-BE54-9A1E7A4F7556}") = "Enumerators_11FEB2020", "Enumerators_11FEB2020\Enumerators_11FEB2020.csproj", "{67989C7E-1EE9-4D9C-843C-49FD358C1C66}"
EndProject
Project("{9A19103F-16F7-4668-BE54-9A1E7A4F7556}") = "IsPalindrome", "IsPalindrome\IsPalindrome.csproj", "{7A5FC66F-30F1-48FE-A7C8-E18C6861ECB2}"
EndProject
Project("{9A19103F-16F7-4668-BE54-9A1E7A4F7556}") = "JulianDates", "JulianDates\JulianDates.csproj", "{9613D20D-B866-428A-8310-F5901A112B74}"
EndProject
Project("{9A19103F-16F7-4668-BE54-9A1E7A4F7556}") = "PrimeNumberWhiteboard", "PrimeNumberWhiteboard\PrimeNumberWhiteboard.csproj", "{3EF0B5AD-A42D-4AA1-8914-FE9D226B1509}"
EndProject
Project("{9A19103F-16F7-4668-BE54-9A1E7A4F7556}") = "PyramidBrickCount", "PyramidBrickCount\PyramidBrickCount.csproj", "{3BACFFB0-579F-4F24-B427-37A16EA0A915}"
EndProject
Project("{9A19103F-16F7-4668-BE54-9A1E7A4F7556}") = "Quiz_04FEB2020", "Quiz_04FEB2020\Quiz_04FEB2020.csproj", "{B097E632-AE6A-4A28-A557-41E09B8D7F57}"
EndProject
Project("{9A19103F-16F7-4668-BE54-9A1E7A4F7556}") = "Quiz1 - 28JAN2020", "Quiz1 - 28JAN2020\Quiz1 - 28JAN2020.csproj", "{0A5CA0B1-C630-4618-97CE-7978D163983C}"
EndProject
Project("{9A19103F-16F7-4668-BE54-9A1E7A4F7556}") = "SumOfPrimes", "SumOfPrimes\SumOfPrimes.csproj", "{7667D989-F5D6-4150-862F-BB2984C3267F}"
EndProject
Project("{9A19103F-16F7-4668-BE54-9A1E7A4F7556}") = "Pie_Estimator", "Pie_Estimator\Pie_Estimator.csproj", "{BC0A6DEF-14DB-44B4-9DB8-882D50E29F6B}"
EndProject
Project("{FAE04EC0-301F-11D3-BF4B-00C04F79EFBC}") = "CountCapitalLetters", "CountCapitalLetters\CountCapitalLetters.csproj", "{7EF6A72E-EF74-4710-8AD3-677CDBB6B193}"
EndProject
Project("{FAE04EC0-301F-11D3-BF4B-00C04F79EFBC}") = "CountLetters", "CountLetters\CountLetters.csproj", "{7994447D-6813-452C-9AAF-0E6505F1A683}"
EndProject
Project("{FAE04EC0-301F-11D3-BF4B-00C04F79EFBC}") = "CountLettersTest", "CountLettersTest\CountLettersTest.csproj", "{4619DB57-2C90-463C-B63E-C425AFCBAB1D}"
EndProject
Global
	GlobalSection(SolutionConfigurationPlatforms) = preSolution
		Debug|Any CPU = Debug|Any CPU
		Release|Any CPU = Release|Any CPU
	EndGlobalSection
	GlobalSection(ProjectConfigurationPlatforms) = postSolution
		{BBC0E3BA-3D7B-4314-8A42-9504800588E0}.Debug|Any CPU.ActiveCfg = Debug|Any CPU
		{BBC0E3BA-3D7B-4314-8A42-9504800588E0}.Debug|Any CPU.Build.0 = Debug|Any CPU
		{BBC0E3BA-3D7B-4314-8A42-9504800588E0}.Release|Any CPU.ActiveCfg = Release|Any CPU
		{BBC0E3BA-3D7B-4314-8A42-9504800588E0}.Release|Any CPU.Build.0 = Release|Any CPU
		{7FBA4366-2362-4D3A-94B7-7E494B8396D6}.Debug|Any CPU.ActiveCfg = Debug|Any CPU
		{7FBA4366-2362-4D3A-94B7-7E494B8396D6}.Debug|Any CPU.Build.0 = Debug|Any CPU
		{7FBA4366-2362-4D3A-94B7-7E494B8396D6}.Release|Any CPU.ActiveCfg = Release|Any CPU
		{7FBA4366-2362-4D3A-94B7-7E494B8396D6}.Release|Any CPU.Build.0 = Release|Any CPU
		{E2D9C794-0972-4026-8AD3-50668CEECF07}.Debug|Any CPU.ActiveCfg = Debug|Any CPU
		{E2D9C794-0972-4026-8AD3-50668CEECF07}.Debug|Any CPU.Build.0 = Debug|Any CPU
		{E2D9C794-0972-4026-8AD3-50668CEECF07}.Release|Any CPU.ActiveCfg = Release|Any CPU
		{E2D9C794-0972-4026-8AD3-50668CEECF07}.Release|Any CPU.Build.0 = Release|Any CPU
		{65308465-EDBB-4F97-A378-834D1A28E8B7}.Debug|Any CPU.ActiveCfg = Debug|Any CPU
		{65308465-EDBB-4F97-A378-834D1A28E8B7}.Debug|Any CPU.Build.0 = Debug|Any CPU
		{65308465-EDBB-4F97-A378-834D1A28E8B7}.Release|Any CPU.ActiveCfg = Release|Any CPU
		{65308465-EDBB-4F97-A378-834D1A28E8B7}.Release|Any CPU.Build.0 = Release|Any CPU
		{286759E5-A606-46C1-9522-21B8F3449601}.Debug|Any CPU.ActiveCfg = Debug|Any CPU
		{286759E5-A606-46C1-9522-21B8F3449601}.Debug|Any CPU.Build.0 = Debug|Any CPU
		{286759E5-A606-46C1-9522-21B8F3449601}.Release|Any CPU.ActiveCfg = Release|Any CPU
		{286759E5-A606-46C1-9522-21B8F3449601}.Release|Any CPU.Build.0 = Release|Any CPU
		{A8B2D9F7-D259-46C3-BB14-C2DE1959FBB0}.Debug|Any CPU.ActiveCfg = Debug|Any CPU
		{A8B2D9F7-D259-46C3-BB14-C2DE1959FBB0}.Debug|Any CPU.Build.0 = Debug|Any CPU
		{A8B2D9F7-D259-46C3-BB14-C2DE1959FBB0}.Release|Any CPU.ActiveCfg = Release|Any CPU
		{A8B2D9F7-D259-46C3-BB14-C2DE1959FBB0}.Release|Any CPU.Build.0 = Release|Any CPU
		{84644FFE-E255-440B-AB03-40C46C705750}.Debug|Any CPU.ActiveCfg = Debug|Any CPU
		{84644FFE-E255-440B-AB03-40C46C705750}.Debug|Any CPU.Build.0 = Debug|Any CPU
		{84644FFE-E255-440B-AB03-40C46C705750}.Release|Any CPU.ActiveCfg = Release|Any CPU
		{84644FFE-E255-440B-AB03-40C46C705750}.Release|Any CPU.Build.0 = Release|Any CPU
		{0D3E8C54-8925-4357-B725-CE1E9B8F1589}.Debug|Any CPU.ActiveCfg = Debug|Any CPU
		{0D3E8C54-8925-4357-B725-CE1E9B8F1589}.Debug|Any CPU.Build.0 = Debug|Any CPU
		{0D3E8C54-8925-4357-B725-CE1E9B8F1589}.Release|Any CPU.ActiveCfg = Release|Any CPU
		{0D3E8C54-8925-4357-B725-CE1E9B8F1589}.Release|Any CPU.Build.0 = Release|Any CPU
		{CF4F7195-B715-40CA-AD49-6EB70BD4E17C}.Debug|Any CPU.ActiveCfg = Debug|Any CPU
		{CF4F7195-B715-40CA-AD49-6EB70BD4E17C}.Debug|Any CPU.Build.0 = Debug|Any CPU
		{CF4F7195-B715-40CA-AD49-6EB70BD4E17C}.Release|Any CPU.ActiveCfg = Release|Any CPU
		{CF4F7195-B715-40CA-AD49-6EB70BD4E17C}.Release|Any CPU.Build.0 = Release|Any CPU
		{8E9C9620-91D6-4CFF-B825-B0E32EA8BDF3}.Debug|Any CPU.ActiveCfg = Debug|Any CPU
		{8E9C9620-91D6-4CFF-B825-B0E32EA8BDF3}.Debug|Any CPU.Build.0 = Debug|Any CPU
		{8E9C9620-91D6-4CFF-B825-B0E32EA8BDF3}.Release|Any CPU.ActiveCfg = Release|Any CPU
		{8E9C9620-91D6-4CFF-B825-B0E32EA8BDF3}.Release|Any CPU.Build.0 = Release|Any CPU
		{3C04B9F7-340D-4B69-ADBF-48C84AC91E40}.Debug|Any CPU.ActiveCfg = Debug|Any CPU
		{3C04B9F7-340D-4B69-ADBF-48C84AC91E40}.Debug|Any CPU.Build.0 = Debug|Any CPU
		{3C04B9F7-340D-4B69-ADBF-48C84AC91E40}.Release|Any CPU.ActiveCfg = Release|Any CPU
		{3C04B9F7-340D-4B69-ADBF-48C84AC91E40}.Release|Any CPU.Build.0 = Release|Any CPU
		{D7FF0F79-2C85-4480-9F5A-D79BD9613CD6}.Debug|Any CPU.ActiveCfg = Debug|Any CPU
		{D7FF0F79-2C85-4480-9F5A-D79BD9613CD6}.Debug|Any CPU.Build.0 = Debug|Any CPU
		{D7FF0F79-2C85-4480-9F5A-D79BD9613CD6}.Release|Any CPU.ActiveCfg = Release|Any CPU
		{D7FF0F79-2C85-4480-9F5A-D79BD9613CD6}.Release|Any CPU.Build.0 = Release|Any CPU
		{46113824-888B-4A44-BB58-4A2616D6B6F7}.Debug|Any CPU.ActiveCfg = Debug|Any CPU
		{46113824-888B-4A44-BB58-4A2616D6B6F7}.Debug|Any CPU.Build.0 = Debug|Any CPU
		{46113824-888B-4A44-BB58-4A2616D6B6F7}.Release|Any CPU.ActiveCfg = Release|Any CPU
		{46113824-888B-4A44-BB58-4A2616D6B6F7}.Release|Any CPU.Build.0 = Release|Any CPU
		{3FD41E10-4BD7-4F0D-BC16-F51480E3FFCF}.Debug|Any CPU.ActiveCfg = Debug|Any CPU
		{3FD41E10-4BD7-4F0D-BC16-F51480E3FFCF}.Debug|Any CPU.Build.0 = Debug|Any CPU
		{3FD41E10-4BD7-4F0D-BC16-F51480E3FFCF}.Release|Any CPU.ActiveCfg = Release|Any CPU
		{3FD41E10-4BD7-4F0D-BC16-F51480E3FFCF}.Release|Any CPU.Build.0 = Release|Any CPU
		{F99B3774-CC67-4298-9F3C-0CA99AEB9444}.Debug|Any CPU.ActiveCfg = Debug|Any CPU
		{F99B3774-CC67-4298-9F3C-0CA99AEB9444}.Debug|Any CPU.Build.0 = Debug|Any CPU
		{F99B3774-CC67-4298-9F3C-0CA99AEB9444}.Release|Any CPU.ActiveCfg = Release|Any CPU
		{F99B3774-CC67-4298-9F3C-0CA99AEB9444}.Release|Any CPU.Build.0 = Release|Any CPU
		{ABE24214-E767-43AB-A8D4-DB31213D73CD}.Debug|Any CPU.ActiveCfg = Debug|Any CPU
		{ABE24214-E767-43AB-A8D4-DB31213D73CD}.Debug|Any CPU.Build.0 = Debug|Any CPU
		{ABE24214-E767-43AB-A8D4-DB31213D73CD}.Release|Any CPU.ActiveCfg = Release|Any CPU
		{ABE24214-E767-43AB-A8D4-DB31213D73CD}.Release|Any CPU.Build.0 = Release|Any CPU
		{23AA536F-802B-49FA-97EB-2E867454D45B}.Debug|Any CPU.ActiveCfg = Debug|Any CPU
		{23AA536F-802B-49FA-97EB-2E867454D45B}.Debug|Any CPU.Build.0 = Debug|Any CPU
		{23AA536F-802B-49FA-97EB-2E867454D45B}.Release|Any CPU.ActiveCfg = Release|Any CPU
		{23AA536F-802B-49FA-97EB-2E867454D45B}.Release|Any CPU.Build.0 = Release|Any CPU
		{B77F3ABE-AA7B-45A1-A04F-B263C2D90FD2}.Debug|Any CPU.ActiveCfg = Debug|Any CPU
		{B77F3ABE-AA7B-45A1-A04F-B263C2D90FD2}.Debug|Any CPU.Build.0 = Debug|Any CPU
		{B77F3ABE-AA7B-45A1-A04F-B263C2D90FD2}.Release|Any CPU.ActiveCfg = Release|Any CPU
		{B77F3ABE-AA7B-45A1-A04F-B263C2D90FD2}.Release|Any CPU.Build.0 = Release|Any CPU
		{AFCE4A65-4F1E-4794-8256-04E9A87B285A}.Debug|Any CPU.ActiveCfg = Debug|Any CPU
		{AFCE4A65-4F1E-4794-8256-04E9A87B285A}.Debug|Any CPU.Build.0 = Debug|Any CPU
		{AFCE4A65-4F1E-4794-8256-04E9A87B285A}.Release|Any CPU.ActiveCfg = Release|Any CPU
		{AFCE4A65-4F1E-4794-8256-04E9A87B285A}.Release|Any CPU.Build.0 = Release|Any CPU
		{EC35B32B-4B28-4E6C-B4E2-4D8FC947E7B4}.Debug|Any CPU.ActiveCfg = Debug|Any CPU
		{EC35B32B-4B28-4E6C-B4E2-4D8FC947E7B4}.Debug|Any CPU.Build.0 = Debug|Any CPU
		{EC35B32B-4B28-4E6C-B4E2-4D8FC947E7B4}.Release|Any CPU.ActiveCfg = Release|Any CPU
		{EC35B32B-4B28-4E6C-B4E2-4D8FC947E7B4}.Release|Any CPU.Build.0 = Release|Any CPU
		{58858025-C19B-4C61-9373-22774409BA9A}.Debug|Any CPU.ActiveCfg = Debug|Any CPU
		{58858025-C19B-4C61-9373-22774409BA9A}.Debug|Any CPU.Build.0 = Debug|Any CPU
		{58858025-C19B-4C61-9373-22774409BA9A}.Release|Any CPU.ActiveCfg = Release|Any CPU
		{58858025-C19B-4C61-9373-22774409BA9A}.Release|Any CPU.Build.0 = Release|Any CPU
		{D789CC89-449F-49BF-9918-7A6E05DCB99A}.Debug|Any CPU.ActiveCfg = Debug|Any CPU
		{D789CC89-449F-49BF-9918-7A6E05DCB99A}.Debug|Any CPU.Build.0 = Debug|Any CPU
		{D789CC89-449F-49BF-9918-7A6E05DCB99A}.Release|Any CPU.ActiveCfg = Release|Any CPU
		{D789CC89-449F-49BF-9918-7A6E05DCB99A}.Release|Any CPU.Build.0 = Release|Any CPU
		{FE6A2AC5-0D31-46A8-A1B8-AF77B6E8A3F8}.Debug|Any CPU.ActiveCfg = Debug|Any CPU
		{FE6A2AC5-0D31-46A8-A1B8-AF77B6E8A3F8}.Debug|Any CPU.Build.0 = Debug|Any CPU
		{FE6A2AC5-0D31-46A8-A1B8-AF77B6E8A3F8}.Release|Any CPU.ActiveCfg = Release|Any CPU
		{FE6A2AC5-0D31-46A8-A1B8-AF77B6E8A3F8}.Release|Any CPU.Build.0 = Release|Any CPU
		{67989C7E-1EE9-4D9C-843C-49FD358C1C66}.Debug|Any CPU.ActiveCfg = Debug|Any CPU
		{67989C7E-1EE9-4D9C-843C-49FD358C1C66}.Debug|Any CPU.Build.0 = Debug|Any CPU
		{67989C7E-1EE9-4D9C-843C-49FD358C1C66}.Release|Any CPU.ActiveCfg = Release|Any CPU
		{67989C7E-1EE9-4D9C-843C-49FD358C1C66}.Release|Any CPU.Build.0 = Release|Any CPU
		{7A5FC66F-30F1-48FE-A7C8-E18C6861ECB2}.Debug|Any CPU.ActiveCfg = Debug|Any CPU
		{7A5FC66F-30F1-48FE-A7C8-E18C6861ECB2}.Debug|Any CPU.Build.0 = Debug|Any CPU
		{7A5FC66F-30F1-48FE-A7C8-E18C6861ECB2}.Release|Any CPU.ActiveCfg = Release|Any CPU
		{7A5FC66F-30F1-48FE-A7C8-E18C6861ECB2}.Release|Any CPU.Build.0 = Release|Any CPU
		{9613D20D-B866-428A-8310-F5901A112B74}.Debug|Any CPU.ActiveCfg = Debug|Any CPU
		{9613D20D-B866-428A-8310-F5901A112B74}.Debug|Any CPU.Build.0 = Debug|Any CPU
		{9613D20D-B866-428A-8310-F5901A112B74}.Release|Any CPU.ActiveCfg = Release|Any CPU
		{9613D20D-B866-428A-8310-F5901A112B74}.Release|Any CPU.Build.0 = Release|Any CPU
		{3EF0B5AD-A42D-4AA1-8914-FE9D226B1509}.Debug|Any CPU.ActiveCfg = Debug|Any CPU
		{3EF0B5AD-A42D-4AA1-8914-FE9D226B1509}.Debug|Any CPU.Build.0 = Debug|Any CPU
		{3EF0B5AD-A42D-4AA1-8914-FE9D226B1509}.Release|Any CPU.ActiveCfg = Release|Any CPU
		{3EF0B5AD-A42D-4AA1-8914-FE9D226B1509}.Release|Any CPU.Build.0 = Release|Any CPU
		{3BACFFB0-579F-4F24-B427-37A16EA0A915}.Debug|Any CPU.ActiveCfg = Debug|Any CPU
		{3BACFFB0-579F-4F24-B427-37A16EA0A915}.Debug|Any CPU.Build.0 = Debug|Any CPU
		{3BACFFB0-579F-4F24-B427-37A16EA0A915}.Release|Any CPU.ActiveCfg = Release|Any CPU
		{3BACFFB0-579F-4F24-B427-37A16EA0A915}.Release|Any CPU.Build.0 = Release|Any CPU
		{B097E632-AE6A-4A28-A557-41E09B8D7F57}.Debug|Any CPU.ActiveCfg = Debug|Any CPU
		{B097E632-AE6A-4A28-A557-41E09B8D7F57}.Debug|Any CPU.Build.0 = Debug|Any CPU
		{B097E632-AE6A-4A28-A557-41E09B8D7F57}.Release|Any CPU.ActiveCfg = Release|Any CPU
		{B097E632-AE6A-4A28-A557-41E09B8D7F57}.Release|Any CPU.Build.0 = Release|Any CPU
		{0A5CA0B1-C630-4618-97CE-7978D163983C}.Debug|Any CPU.ActiveCfg = Debug|Any CPU
		{0A5CA0B1-C630-4618-97CE-7978D163983C}.Debug|Any CPU.Build.0 = Debug|Any CPU
		{0A5CA0B1-C630-4618-97CE-7978D163983C}.Release|Any CPU.ActiveCfg = Release|Any CPU
		{0A5CA0B1-C630-4618-97CE-7978D163983C}.Release|Any CPU.Build.0 = Release|Any CPU
		{7667D989-F5D6-4150-862F-BB2984C3267F}.Debug|Any CPU.ActiveCfg = Debug|Any CPU
		{7667D989-F5D6-4150-862F-BB2984C3267F}.Debug|Any CPU.Build.0 = Debug|Any CPU
		{7667D989-F5D6-4150-862F-BB2984C3267F}.Release|Any CPU.ActiveCfg = Release|Any CPU
		{7667D989-F5D6-4150-862F-BB2984C3267F}.Release|Any CPU.Build.0 = Release|Any CPU
		{BC0A6DEF-14DB-44B4-9DB8-882D50E29F6B}.Debug|Any CPU.ActiveCfg = Debug|Any CPU
		{BC0A6DEF-14DB-44B4-9DB8-882D50E29F6B}.Debug|Any CPU.Build.0 = Debug|Any CPU
		{BC0A6DEF-14DB-44B4-9DB8-882D50E29F6B}.Release|Any CPU.ActiveCfg = Release|Any CPU
		{BC0A6DEF-14DB-44B4-9DB8-882D50E29F6B}.Release|Any CPU.Build.0 = Release|Any CPU
		{7EF6A72E-EF74-4710-8AD3-677CDBB6B193}.Debug|Any CPU.ActiveCfg = Debug|Any CPU
		{7EF6A72E-EF74-4710-8AD3-677CDBB6B193}.Debug|Any CPU.Build.0 = Debug|Any CPU
		{7EF6A72E-EF74-4710-8AD3-677CDBB6B193}.Release|Any CPU.ActiveCfg = Release|Any CPU
		{7EF6A72E-EF74-4710-8AD3-677CDBB6B193}.Release|Any CPU.Build.0 = Release|Any CPU
		{7994447D-6813-452C-9AAF-0E6505F1A683}.Debug|Any CPU.ActiveCfg = Debug|Any CPU
		{7994447D-6813-452C-9AAF-0E6505F1A683}.Debug|Any CPU.Build.0 = Debug|Any CPU
		{7994447D-6813-452C-9AAF-0E6505F1A683}.Release|Any CPU.ActiveCfg = Release|Any CPU
		{7994447D-6813-452C-9AAF-0E6505F1A683}.Release|Any CPU.Build.0 = Release|Any CPU
		{4619DB57-2C90-463C-B63E-C425AFCBAB1D}.Debug|Any CPU.ActiveCfg = Debug|Any CPU
		{4619DB57-2C90-463C-B63E-C425AFCBAB1D}.Debug|Any CPU.Build.0 = Debug|Any CPU
		{4619DB57-2C90-463C-B63E-C425AFCBAB1D}.Release|Any CPU.ActiveCfg = Release|Any CPU
		{4619DB57-2C90-463C-B63E-C425AFCBAB1D}.Release|Any CPU.Build.0 = Release|Any CPU
	EndGlobalSection
	GlobalSection(SolutionProperties) = preSolution
		HideSolutionNode = FALSE
	EndGlobalSection
	GlobalSection(ExtensibilityGlobals) = postSolution
		SolutionGuid = {7806E3C5-7B8D-42B2-801A-7956912C9C23}
	EndGlobalSection
EndGlobal
