
Microsoft Visual Studio Solution File, Format Version 12.00
# Visual Studio Version 16
VisualStudioVersion = 16.0.29709.97
MinimumVisualStudioVersion = 10.0.40219.1
Project("{9A19103F-16F7-4668-BE54-9A1E7A4F7556}") = "whiteBoard7", "whiteBoard7.csproj", "{BBC0E3BA-3D7B-4314-8A42-9504800588E0}"
EndProject
Project("{9A19103F-16F7-4668-BE54-9A1E7A4F7556}") = "PyramidBrickCount", "..\PyramidBrickCount\PyramidBrickCount.csproj", "{47776170-FADD-4309-A036-3D9C13C59631}"
EndProject
Project("{9A19103F-16F7-4668-BE54-9A1E7A4F7556}") = "SumOfOdds", "..\22JAN2020_Class_Examples\SumOfOdds.csproj", "{7FBA4366-2362-4D3A-94B7-7E494B8396D6}"
EndProject
Project("{9A19103F-16F7-4668-BE54-9A1E7A4F7556}") = "27JAN2020 - Class Examples", "..\27JAN2020 - Class Examples\27JAN2020 - Class Examples.csproj", "{FF88368D-567C-4E3A-81C0-5EC5EEABDFE3}"
EndProject
Project("{FAE04EC0-301F-11D3-BF4B-00C04F79EFBC}") = "Pie_Estimator", "..\Pie_Estimator\Pie_Estimator.csproj", "{67847384-658D-430F-93D3-8E2126EF14E8}"
EndProject
Global
	GlobalSection(SolutionConfigurationPlatforms) = preSolution
		Debug|Any CPU = Debug|Any CPU
		Release|Any CPU = Release|Any CPU
	EndGlobalSection
	GlobalSection(ProjectConfigurationPlatforms) = postSolution
		{BBC0E3BA-3D7B-4314-8A42-9504800588E0}.Debug|Any CPU.ActiveCfg = Debug|Any CPU
		{BBC0E3BA-3D7B-4314-8A42-9504800588E0}.Debug|Any CPU.Build.0 = Debug|Any CPU
		{BBC0E3BA-3D7B-4314-8A42-9504800588E0}.Release|Any CPU.ActiveCfg = Release|Any CPU
		{BBC0E3BA-3D7B-4314-8A42-9504800588E0}.Release|Any CPU.Build.0 = Release|Any CPU
		{47776170-FADD-4309-A036-3D9C13C59631}.Debug|Any CPU.ActiveCfg = Debug|Any CPU
		{47776170-FADD-4309-A036-3D9C13C59631}.Debug|Any CPU.Build.0 = Debug|Any CPU
		{47776170-FADD-4309-A036-3D9C13C59631}.Release|Any CPU.ActiveCfg = Release|Any CPU
		{47776170-FADD-4309-A036-3D9C13C59631}.Release|Any CPU.Build.0 = Release|Any CPU
		{7FBA4366-2362-4D3A-94B7-7E494B8396D6}.Debug|Any CPU.ActiveCfg = Debug|Any CPU
		{7FBA4366-2362-4D3A-94B7-7E494B8396D6}.Debug|Any CPU.Build.0 = Debug|Any CPU
		{7FBA4366-2362-4D3A-94B7-7E494B8396D6}.Release|Any CPU.ActiveCfg = Release|Any CPU
		{7FBA4366-2362-4D3A-94B7-7E494B8396D6}.Release|Any CPU.Build.0 = Release|Any CPU
		{FF88368D-567C-4E3A-81C0-5EC5EEABDFE3}.Debug|Any CPU.ActiveCfg = Debug|Any CPU
		{FF88368D-567C-4E3A-81C0-5EC5EEABDFE3}.Debug|Any CPU.Build.0 = Debug|Any CPU
		{FF88368D-567C-4E3A-81C0-5EC5EEABDFE3}.Release|Any CPU.ActiveCfg = Release|Any CPU
		{FF88368D-567C-4E3A-81C0-5EC5EEABDFE3}.Release|Any CPU.Build.0 = Release|Any CPU
		{67847384-658D-430F-93D3-8E2126EF14E8}.Debug|Any CPU.ActiveCfg = Debug|Any CPU
		{67847384-658D-430F-93D3-8E2126EF14E8}.Debug|Any CPU.Build.0 = Debug|Any CPU
		{67847384-658D-430F-93D3-8E2126EF14E8}.Release|Any CPU.ActiveCfg = Release|Any CPU
		{67847384-658D-430F-93D3-8E2126EF14E8}.Release|Any CPU.Build.0 = Release|Any CPU
	EndGlobalSection
	GlobalSection(SolutionProperties) = preSolution
		HideSolutionNode = FALSE
	EndGlobalSection
	GlobalSection(ExtensibilityGlobals) = postSolution
		SolutionGuid = {7806E3C5-7B8D-42B2-801A-7956912C9C23}
	EndGlobalSection
EndGlobal
